
Microsoft Visual Studio Solution File, Format Version 12.00
# Visual Studio 15
VisualStudioVersion = 15.0.26730.12
MinimumVisualStudioVersion = 10.0.40219.1
Project("{9092AA53-FB77-4645-B42D-1CCCA6BD08BD}") = "LightningServer", "LightningServer\LightningServer.njsproj", "{D44A4436-D7A0-43B6-B75B-C91D70CCF974}"
EndProject
Project("{9092AA53-FB77-4645-B42D-1CCCA6BD08BD}") = "LightningTS", "..\LightningTS.njsproj", "{8C87DFF6-BF9D-49D7-95C1-294D66C76AC7}"
EndProject
Global
	GlobalSection(SolutionConfigurationPlatforms) = preSolution
		Debug|Any CPU = Debug|Any CPU
		Release|Any CPU = Release|Any CPU
	EndGlobalSection
	GlobalSection(ProjectConfigurationPlatforms) = postSolution
		{D44A4436-D7A0-43B6-B75B-C91D70CCF974}.Debug|Any CPU.ActiveCfg = Debug|Any CPU
		{D44A4436-D7A0-43B6-B75B-C91D70CCF974}.Debug|Any CPU.Build.0 = Debug|Any CPU
		{D44A4436-D7A0-43B6-B75B-C91D70CCF974}.Release|Any CPU.ActiveCfg = Release|Any CPU
		{D44A4436-D7A0-43B6-B75B-C91D70CCF974}.Release|Any CPU.Build.0 = Release|Any CPU
		{8C87DFF6-BF9D-49D7-95C1-294D66C76AC7}.Debug|Any CPU.ActiveCfg = Debug|Any CPU
		{8C87DFF6-BF9D-49D7-95C1-294D66C76AC7}.Debug|Any CPU.Build.0 = Debug|Any CPU
		{8C87DFF6-BF9D-49D7-95C1-294D66C76AC7}.Release|Any CPU.ActiveCfg = Release|Any CPU
		{8C87DFF6-BF9D-49D7-95C1-294D66C76AC7}.Release|Any CPU.Build.0 = Release|Any CPU
	EndGlobalSection
	GlobalSection(SolutionProperties) = preSolution
		HideSolutionNode = FALSE
	EndGlobalSection
	GlobalSection(ExtensibilityGlobals) = postSolution
		SolutionGuid = {F7E7A11C-87DB-4408-ACC5-70D782086F92}
	EndGlobalSection
EndGlobal
